// !$*UTF8*$!
{
	archiveVersion = 1;
	classes = {
	};
	objectVersion = 50;
	objects = {

/* Begin PBXBuildFile section */
		B16FD964283D37EB009C4BE2 /* DailyResponseDTO+Mapping.swift in Sources */ = {isa = PBXBuildFile; fileRef = B16FD963283D37EB009C4BE2 /* DailyResponseDTO+Mapping.swift */; };
		B16FD981283D3E92009C4BE2 /* AppFlowCoordinator.swift in Sources */ = {isa = PBXBuildFile; fileRef = B16FD980283D3E92009C4BE2 /* AppFlowCoordinator.swift */; };
		B16FD987283DC911009C4BE2 /* AppDIContainer.swift in Sources */ = {isa = PBXBuildFile; fileRef = B16FD986283DC911009C4BE2 /* AppDIContainer.swift */; };
		B16FD992283DCA88009C4BE2 /* NetworkService.swift in Sources */ = {isa = PBXBuildFile; fileRef = B16FD991283DCA88009C4BE2 /* NetworkService.swift */; };
		B16FD997283DCACB009C4BE2 /* Endpoint.swift in Sources */ = {isa = PBXBuildFile; fileRef = B16FD996283DCACB009C4BE2 /* Endpoint.swift */; };
		B16FD99C283DCBD0009C4BE2 /* Config.swift in Sources */ = {isa = PBXBuildFile; fileRef = B16FD99B283DCBD0009C4BE2 /* Config.swift */; };
		B1C9BC64283E6C6C00232047 /* WeatherForecaseDIContainer.swift in Sources */ = {isa = PBXBuildFile; fileRef = B1C9BC63283E6C6C00232047 /* WeatherForecaseDIContainer.swift */; };
		B1C9BC69283E6DA000232047 /* SearchFlowCoordinator.swift in Sources */ = {isa = PBXBuildFile; fileRef = B1C9BC68283E6DA000232047 /* SearchFlowCoordinator.swift */; };
		B1C9BC7A283E715D00232047 /* ListViewModel.swift in Sources */ = {isa = PBXBuildFile; fileRef = B1C9BC79283E715D00232047 /* ListViewModel.swift */; };
		B1C9BC80283E719500232047 /* Observable.swift in Sources */ = {isa = PBXBuildFile; fileRef = B1C9BC7F283E719500232047 /* Observable.swift */; };
		B1C9BC88283E71E400232047 /* ListItemViewModel.swift in Sources */ = {isa = PBXBuildFile; fileRef = B1C9BC87283E71E400232047 /* ListItemViewModel.swift */; };
		B1C9BC91283E730D00232047 /* SearchUseCase.swift in Sources */ = {isa = PBXBuildFile; fileRef = B1C9BC90283E730D00232047 /* SearchUseCase.swift */; };
		B1C9BC97283E73FD00232047 /* Repository.swift in Sources */ = {isa = PBXBuildFile; fileRef = B1C9BC96283E73FD00232047 /* Repository.swift */; };
		B1C9BCA2283E76D500232047 /* ResponseStorage.swift in Sources */ = {isa = PBXBuildFile; fileRef = B1C9BCA1283E76D500232047 /* ResponseStorage.swift */; };
		B1C9BCAB283E77A700232047 /* DefaultRepository.swift in Sources */ = {isa = PBXBuildFile; fileRef = B1C9BCAA283E77A700232047 /* DefaultRepository.swift */; };
		B1C9BCBD283E791B00232047 /* CoreDataStorage.swift in Sources */ = {isa = PBXBuildFile; fileRef = B1C9BCBC283E791B00232047 /* CoreDataStorage.swift */; };
		B1C9BCC2283E79BE00232047 /* CoreDataResponseStorage.swift in Sources */ = {isa = PBXBuildFile; fileRef = B1C9BCC1283E79BE00232047 /* CoreDataResponseStorage.swift */; };
		B1C9BCF4283E93AA00232047 /* API.swift in Sources */ = {isa = PBXBuildFile; fileRef = B1C9BCF3283E93AA00232047 /* API.swift */; };
		B1C9BCFC283E94A300232047 /* DailyRequestDTO+Mapping.swift in Sources */ = {isa = PBXBuildFile; fileRef = B1C9BCFB283E94A300232047 /* DailyRequestDTO+Mapping.swift */; };
		B1C9BD1D283EAC8B00232047 /* ResponseError.swift in Sources */ = {isa = PBXBuildFile; fileRef = B1C9BD1C283EAC8B00232047 /* ResponseError.swift */; };
		B1C9BD28283F25A600232047 /* ListItemCell.swift in Sources */ = {isa = PBXBuildFile; fileRef = B1C9BD27283F25A600232047 /* ListItemCell.swift */; };
		B1C9BD30283F5D1B00232047 /* WeatherForecastData.swift in Sources */ = {isa = PBXBuildFile; fileRef = B1C9BD2F283F5D1B00232047 /* WeatherForecastData.swift */; };
		B1C9BD35283F5D3000232047 /* WeatherForecastItem.swift in Sources */ = {isa = PBXBuildFile; fileRef = B1C9BD34283F5D3000232047 /* WeatherForecastItem.swift */; };
		B1C9BD3C283F5EEF00232047 /* WeatherForecast.xcdatamodeld in Sources */ = {isa = PBXBuildFile; fileRef = B1C9BD3A283F5EEF00232047 /* WeatherForecast.xcdatamodeld */; };
		B1C9BD47283F8CA500232047 /* DateFormatterHelper.swift in Sources */ = {isa = PBXBuildFile; fileRef = B1C9BD46283F8CA500232047 /* DateFormatterHelper.swift */; };
		B1C9BD58283F8F6B00232047 /* DTO+Mapping.swift in Sources */ = {isa = PBXBuildFile; fileRef = B1C9BD57283F8F6B00232047 /* DTO+Mapping.swift */; };
		B1C9BD60283F903C00232047 /* Entity+Mapping.swift in Sources */ = {isa = PBXBuildFile; fileRef = B1C9BD5F283F903C00232047 /* Entity+Mapping.swift */; };
		B1C9BD6D283F91E700232047 /* SearchUseCaseTests.swift in Sources */ = {isa = PBXBuildFile; fileRef = B1C9BD6C283F91E700232047 /* SearchUseCaseTests.swift */; };
		B1C9BD74283F929000232047 /* ListItemCell.swift in Sources */ = {isa = PBXBuildFile; fileRef = B1C9BD27283F25A600232047 /* ListItemCell.swift */; };
		B1C9BD75283F929000232047 /* ListViewController.swift in Sources */ = {isa = PBXBuildFile; fileRef = B1E78E8E28390C18001018FE /* ListViewController.swift */; };
		B1C9BD7A283F929600232047 /* ListItemViewModel.swift in Sources */ = {isa = PBXBuildFile; fileRef = B1C9BC87283E71E400232047 /* ListItemViewModel.swift */; };
		B1C9BD7B283F929600232047 /* ListViewModel.swift in Sources */ = {isa = PBXBuildFile; fileRef = B1C9BC79283E715D00232047 /* ListViewModel.swift */; };
		B1C9BD7F283F929D00232047 /* SearchFlowCoordinator.swift in Sources */ = {isa = PBXBuildFile; fileRef = B1C9BC68283E6DA000232047 /* SearchFlowCoordinator.swift */; };
		B1C9BD83283F92A100232047 /* Repository.swift in Sources */ = {isa = PBXBuildFile; fileRef = B1C9BC96283E73FD00232047 /* Repository.swift */; };
		B1C9BD87283F92A300232047 /* SearchUseCase.swift in Sources */ = {isa = PBXBuildFile; fileRef = B1C9BC90283E730D00232047 /* SearchUseCase.swift */; };
		B1C9BD8B283F92A700232047 /* WeatherForecastItem.swift in Sources */ = {isa = PBXBuildFile; fileRef = B1C9BD34283F5D3000232047 /* WeatherForecastItem.swift */; };
		B1C9BD8C283F92A700232047 /* WeatherForecastData.swift in Sources */ = {isa = PBXBuildFile; fileRef = B1C9BD2F283F5D1B00232047 /* WeatherForecastData.swift */; };
		B1C9BD90283F92AB00232047 /* DefaultRepository.swift in Sources */ = {isa = PBXBuildFile; fileRef = B1C9BCAA283E77A700232047 /* DefaultRepository.swift */; };
		B1C9BD94283F92B100232047 /* CoreDataStorage.swift in Sources */ = {isa = PBXBuildFile; fileRef = B1C9BCBC283E791B00232047 /* CoreDataStorage.swift */; };
		B1C9BD95283F92B100232047 /* CoreDataResponseStorage.swift in Sources */ = {isa = PBXBuildFile; fileRef = B1C9BCC1283E79BE00232047 /* CoreDataResponseStorage.swift */; };
		B1C9BD99283F92B500232047 /* ResponseStorage.swift in Sources */ = {isa = PBXBuildFile; fileRef = B1C9BCA1283E76D500232047 /* ResponseStorage.swift */; };
		B1C9BD9D283F92B900232047 /* API.swift in Sources */ = {isa = PBXBuildFile; fileRef = B1C9BCF3283E93AA00232047 /* API.swift */; };
		B1C9BDA1283F92BC00232047 /* DailyResponseDTO+Mapping.swift in Sources */ = {isa = PBXBuildFile; fileRef = B16FD963283D37EB009C4BE2 /* DailyResponseDTO+Mapping.swift */; };
		B1C9BDA2283F92BC00232047 /* DailyRequestDTO+Mapping.swift in Sources */ = {isa = PBXBuildFile; fileRef = B1C9BCFB283E94A300232047 /* DailyRequestDTO+Mapping.swift */; };
		B1C9BDA6283F92C000232047 /* ResponseError.swift in Sources */ = {isa = PBXBuildFile; fileRef = B1C9BD1C283EAC8B00232047 /* ResponseError.swift */; };
		B1C9BDA7283F92C000232047 /* Endpoint.swift in Sources */ = {isa = PBXBuildFile; fileRef = B16FD996283DCACB009C4BE2 /* Endpoint.swift */; };
		B1C9BDA8283F92C000232047 /* NetworkService.swift in Sources */ = {isa = PBXBuildFile; fileRef = B16FD991283DCA88009C4BE2 /* NetworkService.swift */; };
		B1C9BDA9283F92C000232047 /* Config.swift in Sources */ = {isa = PBXBuildFile; fileRef = B16FD99B283DCBD0009C4BE2 /* Config.swift */; };
		B1C9BDAD283F92C400232047 /* DateFormatterHelper.swift in Sources */ = {isa = PBXBuildFile; fileRef = B1C9BD46283F8CA500232047 /* DateFormatterHelper.swift */; };
		B1C9BDAE283F92C400232047 /* Observable.swift in Sources */ = {isa = PBXBuildFile; fileRef = B1C9BC7F283E719500232047 /* Observable.swift */; };
		B1C9BDB7283F97A000232047 /* NetworkServiceTests.swift in Sources */ = {isa = PBXBuildFile; fileRef = B1C9BDB6283F97A000232047 /* NetworkServiceTests.swift */; };
		B1C9BDBE283F98DF00232047 /* DTO+Mapping.swift in Sources */ = {isa = PBXBuildFile; fileRef = B1C9BD57283F8F6B00232047 /* DTO+Mapping.swift */; };
		B1C9BDBF283F98DF00232047 /* Entity+Mapping.swift in Sources */ = {isa = PBXBuildFile; fileRef = B1C9BD5F283F903C00232047 /* Entity+Mapping.swift */; };
		B1C9BDC3283F98E100232047 /* WeatherForecast.xcdatamodeld in Sources */ = {isa = PBXBuildFile; fileRef = B1C9BD3A283F5EEF00232047 /* WeatherForecast.xcdatamodeld */; };
		B1C9BDC8283FBFCD00232047 /* NetworkServiceMock.swift in Sources */ = {isa = PBXBuildFile; fileRef = B1C9BDC7283FBFCD00232047 /* NetworkServiceMock.swift */; };
		B1C9BDDA283FC7A600232047 /* RepositoryMock.swift in Sources */ = {isa = PBXBuildFile; fileRef = B1C9BDD9283FC7A600232047 /* RepositoryMock.swift */; };
		B1E78E8B28390C18001018FE /* AppDelegate.swift in Sources */ = {isa = PBXBuildFile; fileRef = B1E78E8A28390C18001018FE /* AppDelegate.swift */; };
		B1E78E8F28390C18001018FE /* ListViewController.swift in Sources */ = {isa = PBXBuildFile; fileRef = B1E78E8E28390C18001018FE /* ListViewController.swift */; };
		B1E78E9228390C18001018FE /* ListViewController.storyboard in Resources */ = {isa = PBXBuildFile; fileRef = B1E78E9028390C18001018FE /* ListViewController.storyboard */; };
		B1E78E9428390C1B001018FE /* Assets.xcassets in Resources */ = {isa = PBXBuildFile; fileRef = B1E78E9328390C1B001018FE /* Assets.xcassets */; };
		B1E78E9728390C1B001018FE /* LaunchScreen.storyboard in Resources */ = {isa = PBXBuildFile; fileRef = B1E78E9528390C1B001018FE /* LaunchScreen.storyboard */; };
		B1E78EA228390C1B001018FE /* WeatherForecastTests.swift in Sources */ = {isa = PBXBuildFile; fileRef = B1E78EA128390C1B001018FE /* WeatherForecastTests.swift */; };
		B1E78EAD28390C1B001018FE /* WeatherForecastUITests.swift in Sources */ = {isa = PBXBuildFile; fileRef = B1E78EAC28390C1B001018FE /* WeatherForecastUITests.swift */; };
		B1E78EE32839127A001018FE /* AppConfigurations.swift in Sources */ = {isa = PBXBuildFile; fileRef = B1E78EE22839127A001018FE /* AppConfigurations.swift */; };
/* End PBXBuildFile section */

/* Begin PBXContainerItemProxy section */
		B1E78E9E28390C1B001018FE /* PBXContainerItemProxy */ = {
			isa = PBXContainerItemProxy;
			containerPortal = B1E78E7F28390C18001018FE /* Project object */;
			proxyType = 1;
			remoteGlobalIDString = B1E78E8628390C18001018FE;
			remoteInfo = WeatherForecast;
		};
		B1E78EA928390C1B001018FE /* PBXContainerItemProxy */ = {
			isa = PBXContainerItemProxy;
			containerPortal = B1E78E7F28390C18001018FE /* Project object */;
			proxyType = 1;
			remoteGlobalIDString = B1E78E8628390C18001018FE;
			remoteInfo = WeatherForecast;
		};
/* End PBXContainerItemProxy section */

/* Begin PBXFileReference section */
		B16FD963283D37EB009C4BE2 /* DailyResponseDTO+Mapping.swift */ = {isa = PBXFileReference; lastKnownFileType = sourcecode.swift; path = "DailyResponseDTO+Mapping.swift"; sourceTree = "<group>"; };
		B16FD980283D3E92009C4BE2 /* AppFlowCoordinator.swift */ = {isa = PBXFileReference; lastKnownFileType = sourcecode.swift; path = AppFlowCoordinator.swift; sourceTree = "<group>"; };
		B16FD986283DC911009C4BE2 /* AppDIContainer.swift */ = {isa = PBXFileReference; lastKnownFileType = sourcecode.swift; path = AppDIContainer.swift; sourceTree = "<group>"; };
		B16FD991283DCA88009C4BE2 /* NetworkService.swift */ = {isa = PBXFileReference; lastKnownFileType = sourcecode.swift; path = NetworkService.swift; sourceTree = "<group>"; };
		B16FD996283DCACB009C4BE2 /* Endpoint.swift */ = {isa = PBXFileReference; lastKnownFileType = sourcecode.swift; path = Endpoint.swift; sourceTree = "<group>"; };
		B16FD99B283DCBD0009C4BE2 /* Config.swift */ = {isa = PBXFileReference; lastKnownFileType = sourcecode.swift; path = Config.swift; sourceTree = "<group>"; };
		B1C9BC63283E6C6C00232047 /* WeatherForecaseDIContainer.swift */ = {isa = PBXFileReference; lastKnownFileType = sourcecode.swift; path = WeatherForecaseDIContainer.swift; sourceTree = "<group>"; };
		B1C9BC68283E6DA000232047 /* SearchFlowCoordinator.swift */ = {isa = PBXFileReference; lastKnownFileType = sourcecode.swift; path = SearchFlowCoordinator.swift; sourceTree = "<group>"; };
		B1C9BC79283E715D00232047 /* ListViewModel.swift */ = {isa = PBXFileReference; lastKnownFileType = sourcecode.swift; path = ListViewModel.swift; sourceTree = "<group>"; };
		B1C9BC7F283E719500232047 /* Observable.swift */ = {isa = PBXFileReference; lastKnownFileType = sourcecode.swift; path = Observable.swift; sourceTree = "<group>"; };
		B1C9BC87283E71E400232047 /* ListItemViewModel.swift */ = {isa = PBXFileReference; lastKnownFileType = sourcecode.swift; path = ListItemViewModel.swift; sourceTree = "<group>"; };
		B1C9BC90283E730D00232047 /* SearchUseCase.swift */ = {isa = PBXFileReference; lastKnownFileType = sourcecode.swift; path = SearchUseCase.swift; sourceTree = "<group>"; };
		B1C9BC96283E73FD00232047 /* Repository.swift */ = {isa = PBXFileReference; lastKnownFileType = sourcecode.swift; path = Repository.swift; sourceTree = "<group>"; };
		B1C9BCA1283E76D500232047 /* ResponseStorage.swift */ = {isa = PBXFileReference; lastKnownFileType = sourcecode.swift; path = ResponseStorage.swift; sourceTree = "<group>"; };
		B1C9BCAA283E77A700232047 /* DefaultRepository.swift */ = {isa = PBXFileReference; lastKnownFileType = sourcecode.swift; path = DefaultRepository.swift; sourceTree = "<group>"; };
		B1C9BCBC283E791B00232047 /* CoreDataStorage.swift */ = {isa = PBXFileReference; lastKnownFileType = sourcecode.swift; path = CoreDataStorage.swift; sourceTree = "<group>"; };
		B1C9BCC1283E79BE00232047 /* CoreDataResponseStorage.swift */ = {isa = PBXFileReference; lastKnownFileType = sourcecode.swift; path = CoreDataResponseStorage.swift; sourceTree = "<group>"; };
		B1C9BCF3283E93AA00232047 /* API.swift */ = {isa = PBXFileReference; lastKnownFileType = sourcecode.swift; path = API.swift; sourceTree = "<group>"; };
		B1C9BCFB283E94A300232047 /* DailyRequestDTO+Mapping.swift */ = {isa = PBXFileReference; lastKnownFileType = sourcecode.swift; path = "DailyRequestDTO+Mapping.swift"; sourceTree = "<group>"; };
		B1C9BD1C283EAC8B00232047 /* ResponseError.swift */ = {isa = PBXFileReference; lastKnownFileType = sourcecode.swift; path = ResponseError.swift; sourceTree = "<group>"; };
		B1C9BD27283F25A600232047 /* ListItemCell.swift */ = {isa = PBXFileReference; lastKnownFileType = sourcecode.swift; path = ListItemCell.swift; sourceTree = "<group>"; };
		B1C9BD2F283F5D1B00232047 /* WeatherForecastData.swift */ = {isa = PBXFileReference; lastKnownFileType = sourcecode.swift; path = WeatherForecastData.swift; sourceTree = "<group>"; };
		B1C9BD34283F5D3000232047 /* WeatherForecastItem.swift */ = {isa = PBXFileReference; lastKnownFileType = sourcecode.swift; path = WeatherForecastItem.swift; sourceTree = "<group>"; };
		B1C9BD3B283F5EEF00232047 /* WeatherForecast.xcdatamodel */ = {isa = PBXFileReference; lastKnownFileType = wrapper.xcdatamodel; path = WeatherForecast.xcdatamodel; sourceTree = "<group>"; };
		B1C9BD46283F8CA500232047 /* DateFormatterHelper.swift */ = {isa = PBXFileReference; lastKnownFileType = sourcecode.swift; path = DateFormatterHelper.swift; sourceTree = "<group>"; };
		B1C9BD57283F8F6B00232047 /* DTO+Mapping.swift */ = {isa = PBXFileReference; lastKnownFileType = sourcecode.swift; path = "DTO+Mapping.swift"; sourceTree = "<group>"; };
		B1C9BD5F283F903C00232047 /* Entity+Mapping.swift */ = {isa = PBXFileReference; lastKnownFileType = sourcecode.swift; path = "Entity+Mapping.swift"; sourceTree = "<group>"; };
		B1C9BD6C283F91E700232047 /* SearchUseCaseTests.swift */ = {isa = PBXFileReference; lastKnownFileType = sourcecode.swift; path = SearchUseCaseTests.swift; sourceTree = "<group>"; };
		B1C9BDB6283F97A000232047 /* NetworkServiceTests.swift */ = {isa = PBXFileReference; lastKnownFileType = sourcecode.swift; path = NetworkServiceTests.swift; sourceTree = "<group>"; };
		B1C9BDC7283FBFCD00232047 /* NetworkServiceMock.swift */ = {isa = PBXFileReference; lastKnownFileType = sourcecode.swift; path = NetworkServiceMock.swift; sourceTree = "<group>"; };
		B1C9BDD9283FC7A600232047 /* RepositoryMock.swift */ = {isa = PBXFileReference; lastKnownFileType = sourcecode.swift; path = RepositoryMock.swift; sourceTree = "<group>"; };
		B1E78E8728390C18001018FE /* WeatherForecast.app */ = {isa = PBXFileReference; explicitFileType = wrapper.application; includeInIndex = 0; path = WeatherForecast.app; sourceTree = BUILT_PRODUCTS_DIR; };
		B1E78E8A28390C18001018FE /* AppDelegate.swift */ = {isa = PBXFileReference; lastKnownFileType = sourcecode.swift; path = AppDelegate.swift; sourceTree = "<group>"; };
		B1E78E8E28390C18001018FE /* ListViewController.swift */ = {isa = PBXFileReference; lastKnownFileType = sourcecode.swift; path = ListViewController.swift; sourceTree = "<group>"; };
		B1E78E9128390C18001018FE /* Base */ = {isa = PBXFileReference; lastKnownFileType = file.storyboard; name = Base; path = Base.lproj/ListViewController.storyboard; sourceTree = "<group>"; };
		B1E78E9328390C1B001018FE /* Assets.xcassets */ = {isa = PBXFileReference; lastKnownFileType = folder.assetcatalog; path = Assets.xcassets; sourceTree = "<group>"; };
		B1E78E9628390C1B001018FE /* Base */ = {isa = PBXFileReference; lastKnownFileType = file.storyboard; name = Base; path = Base.lproj/LaunchScreen.storyboard; sourceTree = "<group>"; };
		B1E78E9828390C1B001018FE /* Info.plist */ = {isa = PBXFileReference; lastKnownFileType = text.plist.xml; path = Info.plist; sourceTree = "<group>"; };
		B1E78E9D28390C1B001018FE /* WeatherForecastTests.xctest */ = {isa = PBXFileReference; explicitFileType = wrapper.cfbundle; includeInIndex = 0; path = WeatherForecastTests.xctest; sourceTree = BUILT_PRODUCTS_DIR; };
		B1E78EA128390C1B001018FE /* WeatherForecastTests.swift */ = {isa = PBXFileReference; lastKnownFileType = sourcecode.swift; path = WeatherForecastTests.swift; sourceTree = "<group>"; };
		B1E78EA328390C1B001018FE /* Info.plist */ = {isa = PBXFileReference; lastKnownFileType = text.plist.xml; path = Info.plist; sourceTree = "<group>"; };
		B1E78EA828390C1B001018FE /* WeatherForecastUITests.xctest */ = {isa = PBXFileReference; explicitFileType = wrapper.cfbundle; includeInIndex = 0; path = WeatherForecastUITests.xctest; sourceTree = BUILT_PRODUCTS_DIR; };
		B1E78EAC28390C1B001018FE /* WeatherForecastUITests.swift */ = {isa = PBXFileReference; lastKnownFileType = sourcecode.swift; path = WeatherForecastUITests.swift; sourceTree = "<group>"; };
		B1E78EAE28390C1B001018FE /* Info.plist */ = {isa = PBXFileReference; lastKnownFileType = text.plist.xml; path = Info.plist; sourceTree = "<group>"; };
		B1E78EE22839127A001018FE /* AppConfigurations.swift */ = {isa = PBXFileReference; lastKnownFileType = sourcecode.swift; path = AppConfigurations.swift; sourceTree = "<group>"; };
/* End PBXFileReference section */

/* Begin PBXFrameworksBuildPhase section */
		B1E78E8428390C18001018FE /* Frameworks */ = {
			isa = PBXFrameworksBuildPhase;
			buildActionMask = 2147483647;
			files = (
			);
			runOnlyForDeploymentPostprocessing = 0;
		};
		B1E78E9A28390C1B001018FE /* Frameworks */ = {
			isa = PBXFrameworksBuildPhase;
			buildActionMask = 2147483647;
			files = (
			);
			runOnlyForDeploymentPostprocessing = 0;
		};
		B1E78EA528390C1B001018FE /* Frameworks */ = {
			isa = PBXFrameworksBuildPhase;
			buildActionMask = 2147483647;
			files = (
			);
			runOnlyForDeploymentPostprocessing = 0;
		};
/* End PBXFrameworksBuildPhase section */

/* Begin PBXGroup section */
		B16FD937283D241F009C4BE2 /* Entities */ = {
			isa = PBXGroup;
			children = (
				B1C9BD2F283F5D1B00232047 /* WeatherForecastData.swift */,
				B1C9BD34283F5D3000232047 /* WeatherForecastItem.swift */,
			);
			path = Entities;
			sourceTree = "<group>";
		};
		B16FD961283D37C2009C4BE2 /* Network */ = {
			isa = PBXGroup;
			children = (
				B1C9BCF3283E93AA00232047 /* API.swift */,
				B16FD962283D37D4009C4BE2 /* DataMapping */,
			);
			path = Network;
			sourceTree = "<group>";
		};
		B16FD962283D37D4009C4BE2 /* DataMapping */ = {
			isa = PBXGroup;
			children = (
				B16FD963283D37EB009C4BE2 /* DailyResponseDTO+Mapping.swift */,
				B1C9BCFB283E94A300232047 /* DailyRequestDTO+Mapping.swift */,
			);
			path = DataMapping;
			sourceTree = "<group>";
		};
		B16FD985283DC8FF009C4BE2 /* DIContainer */ = {
			isa = PBXGroup;
			children = (
				B16FD986283DC911009C4BE2 /* AppDIContainer.swift */,
				B1C9BC63283E6C6C00232047 /* WeatherForecaseDIContainer.swift */,
			);
			path = DIContainer;
			sourceTree = "<group>";
		};
		B1C9BC6D283E6F0B00232047 /* ViewModel */ = {
			isa = PBXGroup;
			children = (
				B1C9BC79283E715D00232047 /* ListViewModel.swift */,
				B1C9BC87283E71E400232047 /* ListItemViewModel.swift */,
			);
			path = ViewModel;
			sourceTree = "<group>";
		};
		B1C9BC7E283E718C00232047 /* Util */ = {
			isa = PBXGroup;
			children = (
				B1C9BC7F283E719500232047 /* Observable.swift */,
				B1C9BD46283F8CA500232047 /* DateFormatterHelper.swift */,
			);
			path = Util;
			sourceTree = "<group>";
		};
		B1C9BC8F283E72F100232047 /* UseCases */ = {
			isa = PBXGroup;
			children = (
				B1C9BC90283E730D00232047 /* SearchUseCase.swift */,
			);
			path = UseCases;
			sourceTree = "<group>";
		};
		B1C9BC95283E73E800232047 /* Interfaces */ = {
			isa = PBXGroup;
			children = (
				B1C9BC96283E73FD00232047 /* Repository.swift */,
			);
			path = Interfaces;
			sourceTree = "<group>";
		};
		B1C9BCA0283E76C000232047 /* PersistentStorages */ = {
			isa = PBXGroup;
			children = (
				B1C9BD39283F5EAD00232047 /* CoreData */,
				B1C9BCA1283E76D500232047 /* ResponseStorage.swift */,
			);
			path = PersistentStorages;
			sourceTree = "<group>";
		};
		B1C9BCA9283E779000232047 /* Repositories */ = {
			isa = PBXGroup;
			children = (
				B1C9BCAA283E77A700232047 /* DefaultRepository.swift */,
			);
			path = Repositories;
			sourceTree = "<group>";
		};
		B1C9BCD7283E834A00232047 /* View */ = {
			isa = PBXGroup;
			children = (
				B1E78E8E28390C18001018FE /* ListViewController.swift */,
				B1C9BD27283F25A600232047 /* ListItemCell.swift */,
				B1E78E9028390C18001018FE /* ListViewController.storyboard */,
			);
			path = View;
			sourceTree = "<group>";
		};
		B1C9BD39283F5EAD00232047 /* CoreData */ = {
			isa = PBXGroup;
			children = (
				B1C9BCC1283E79BE00232047 /* CoreDataResponseStorage.swift */,
				B1C9BCBC283E791B00232047 /* CoreDataStorage.swift */,
				B1C9BD3A283F5EEF00232047 /* WeatherForecast.xcdatamodeld */,
				B1C9BD67283F90E100232047 /* Mapping */,
			);
			path = CoreData;
			sourceTree = "<group>";
		};
		B1C9BD67283F90E100232047 /* Mapping */ = {
			isa = PBXGroup;
			children = (
				B1C9BD57283F8F6B00232047 /* DTO+Mapping.swift */,
				B1C9BD5F283F903C00232047 /* Entity+Mapping.swift */,
			);
			path = Mapping;
			sourceTree = "<group>";
		};
		B1C9BD6B283F91BC00232047 /* Domain */ = {
			isa = PBXGroup;
			children = (
				B1C9BDD8283FC79000232047 /* Mock */,
				B1C9BD6C283F91E700232047 /* SearchUseCaseTests.swift */,
			);
			path = Domain;
			sourceTree = "<group>";
		};
		B1C9BDB5283F977700232047 /* Infrastructure */ = {
			isa = PBXGroup;
			children = (
				B1C9BDD7283FC78700232047 /* Mock */,
				B1C9BDB6283F97A000232047 /* NetworkServiceTests.swift */,
			);
			path = Infrastructure;
			sourceTree = "<group>";
		};
		B1C9BDD6283FC75800232047 /* Presentation */ = {
			isa = PBXGroup;
			children = (
			);
			path = Presentation;
			sourceTree = "<group>";
		};
		B1C9BDD7283FC78700232047 /* Mock */ = {
			isa = PBXGroup;
			children = (
				B1C9BDC7283FBFCD00232047 /* NetworkServiceMock.swift */,
			);
			path = Mock;
			sourceTree = "<group>";
		};
		B1C9BDD8283FC79000232047 /* Mock */ = {
			isa = PBXGroup;
			children = (
				B1C9BDD9283FC7A600232047 /* RepositoryMock.swift */,
			);
			path = Mock;
			sourceTree = "<group>";
		};
		B1E78E7E28390C18001018FE = {
			isa = PBXGroup;
			children = (
				B1E78E8928390C18001018FE /* WeatherForecast */,
				B1E78EA028390C1B001018FE /* WeatherForecastTests */,
				B1E78EAB28390C1B001018FE /* WeatherForecastUITests */,
				B1E78E8828390C18001018FE /* Products */,
			);
			sourceTree = "<group>";
		};
		B1E78E8828390C18001018FE /* Products */ = {
			isa = PBXGroup;
			children = (
				B1E78E8728390C18001018FE /* WeatherForecast.app */,
				B1E78E9D28390C1B001018FE /* WeatherForecastTests.xctest */,
				B1E78EA828390C1B001018FE /* WeatherForecastUITests.xctest */,
			);
			name = Products;
			sourceTree = "<group>";
		};
		B1E78E8928390C18001018FE /* WeatherForecast */ = {
			isa = PBXGroup;
			children = (
				B1E78EC728390FFC001018FE /* Application */,
				B1E78ECC28391083001018FE /* Presentation */,
				B1E78ECE283910A3001018FE /* Domain */,
				B1E78ECD28391095001018FE /* Data */,
				B1E78ECF283910B3001018FE /* Infrastructure */,
				B1E78ED0283910C1001018FE /* Resources */,
				B1C9BC7E283E718C00232047 /* Util */,
			);
			path = WeatherForecast;
			sourceTree = "<group>";
		};
		B1E78EA028390C1B001018FE /* WeatherForecastTests */ = {
			isa = PBXGroup;
			children = (
				B1C9BD6B283F91BC00232047 /* Domain */,
				B1C9BDD6283FC75800232047 /* Presentation */,
				B1C9BDB5283F977700232047 /* Infrastructure */,
				B1E78EA128390C1B001018FE /* WeatherForecastTests.swift */,
				B1E78EA328390C1B001018FE /* Info.plist */,
			);
			path = WeatherForecastTests;
			sourceTree = "<group>";
		};
		B1E78EAB28390C1B001018FE /* WeatherForecastUITests */ = {
			isa = PBXGroup;
			children = (
				B1E78EAC28390C1B001018FE /* WeatherForecastUITests.swift */,
				B1E78EAE28390C1B001018FE /* Info.plist */,
			);
			path = WeatherForecastUITests;
			sourceTree = "<group>";
		};
		B1E78EC728390FFC001018FE /* Application */ = {
			isa = PBXGroup;
			children = (
				B1E78E8A28390C18001018FE /* AppDelegate.swift */,
				B1E78EE22839127A001018FE /* AppConfigurations.swift */,
				B16FD980283D3E92009C4BE2 /* AppFlowCoordinator.swift */,
				B16FD985283DC8FF009C4BE2 /* DIContainer */,
			);
			path = Application;
			sourceTree = "<group>";
		};
		B1E78ECC28391083001018FE /* Presentation */ = {
			isa = PBXGroup;
			children = (
				B1C9BCD7283E834A00232047 /* View */,
				B1C9BC6D283E6F0B00232047 /* ViewModel */,
				B1C9BC68283E6DA000232047 /* SearchFlowCoordinator.swift */,
			);
			path = Presentation;
			sourceTree = "<group>";
		};
		B1E78ECD28391095001018FE /* Data */ = {
			isa = PBXGroup;
			children = (
				B1C9BCA9283E779000232047 /* Repositories */,
				B1C9BCA0283E76C000232047 /* PersistentStorages */,
				B16FD961283D37C2009C4BE2 /* Network */,
			);
			path = Data;
			sourceTree = "<group>";
		};
		B1E78ECE283910A3001018FE /* Domain */ = {
			isa = PBXGroup;
			children = (
				B1C9BC95283E73E800232047 /* Interfaces */,
				B1C9BC8F283E72F100232047 /* UseCases */,
				B16FD937283D241F009C4BE2 /* Entities */,
			);
			path = Domain;
			sourceTree = "<group>";
		};
		B1E78ECF283910B3001018FE /* Infrastructure */ = {
			isa = PBXGroup;
			children = (
				B1E78EF928391446001018FE /* Network */,
			);
			path = Infrastructure;
			sourceTree = "<group>";
		};
		B1E78ED0283910C1001018FE /* Resources */ = {
			isa = PBXGroup;
			children = (
				B1E78E9328390C1B001018FE /* Assets.xcassets */,
				B1E78E9528390C1B001018FE /* LaunchScreen.storyboard */,
				B1E78E9828390C1B001018FE /* Info.plist */,
			);
			path = Resources;
			sourceTree = "<group>";
		};
		B1E78EF928391446001018FE /* Network */ = {
			isa = PBXGroup;
			children = (
				B16FD991283DCA88009C4BE2 /* NetworkService.swift */,
				B16FD996283DCACB009C4BE2 /* Endpoint.swift */,
				B16FD99B283DCBD0009C4BE2 /* Config.swift */,
				B1C9BD1C283EAC8B00232047 /* ResponseError.swift */,
			);
			path = Network;
			sourceTree = "<group>";
		};
/* End PBXGroup section */

/* Begin PBXNativeTarget section */
		B1E78E8628390C18001018FE /* WeatherForecast */ = {
			isa = PBXNativeTarget;
			buildConfigurationList = B1E78EB128390C1B001018FE /* Build configuration list for PBXNativeTarget "WeatherForecast" */;
			buildPhases = (
				B1E78E8328390C18001018FE /* Sources */,
				B1E78E8428390C18001018FE /* Frameworks */,
				B1E78E8528390C18001018FE /* Resources */,
			);
			buildRules = (
			);
			dependencies = (
			);
			name = WeatherForecast;
			productName = WeatherForecast;
			productReference = B1E78E8728390C18001018FE /* WeatherForecast.app */;
			productType = "com.apple.product-type.application";
		};
		B1E78E9C28390C1B001018FE /* WeatherForecastTests */ = {
			isa = PBXNativeTarget;
			buildConfigurationList = B1E78EB428390C1B001018FE /* Build configuration list for PBXNativeTarget "WeatherForecastTests" */;
			buildPhases = (
				B1E78E9928390C1B001018FE /* Sources */,
				B1E78E9A28390C1B001018FE /* Frameworks */,
				B1E78E9B28390C1B001018FE /* Resources */,
			);
			buildRules = (
			);
			dependencies = (
				B1E78E9F28390C1B001018FE /* PBXTargetDependency */,
			);
			name = WeatherForecastTests;
			productName = WeatherForecastTests;
			productReference = B1E78E9D28390C1B001018FE /* WeatherForecastTests.xctest */;
			productType = "com.apple.product-type.bundle.unit-test";
		};
		B1E78EA728390C1B001018FE /* WeatherForecastUITests */ = {
			isa = PBXNativeTarget;
			buildConfigurationList = B1E78EB728390C1B001018FE /* Build configuration list for PBXNativeTarget "WeatherForecastUITests" */;
			buildPhases = (
				B1E78EA428390C1B001018FE /* Sources */,
				B1E78EA528390C1B001018FE /* Frameworks */,
				B1E78EA628390C1B001018FE /* Resources */,
			);
			buildRules = (
			);
			dependencies = (
				B1E78EAA28390C1B001018FE /* PBXTargetDependency */,
			);
			name = WeatherForecastUITests;
			productName = WeatherForecastUITests;
			productReference = B1E78EA828390C1B001018FE /* WeatherForecastUITests.xctest */;
			productType = "com.apple.product-type.bundle.ui-testing";
		};
/* End PBXNativeTarget section */

/* Begin PBXProject section */
		B1E78E7F28390C18001018FE /* Project object */ = {
			isa = PBXProject;
			attributes = {
				LastSwiftUpdateCheck = 1220;
				LastUpgradeCheck = 1220;
				TargetAttributes = {
					B1E78E8628390C18001018FE = {
						CreatedOnToolsVersion = 12.2;
					};
					B1E78E9C28390C1B001018FE = {
						CreatedOnToolsVersion = 12.2;
						TestTargetID = B1E78E8628390C18001018FE;
					};
					B1E78EA728390C1B001018FE = {
						CreatedOnToolsVersion = 12.2;
						TestTargetID = B1E78E8628390C18001018FE;
					};
				};
			};
			buildConfigurationList = B1E78E8228390C18001018FE /* Build configuration list for PBXProject "WeatherForecast" */;
			compatibilityVersion = "Xcode 9.3";
			developmentRegion = en;
			hasScannedForEncodings = 0;
			knownRegions = (
				en,
				Base,
			);
			mainGroup = B1E78E7E28390C18001018FE;
			productRefGroup = B1E78E8828390C18001018FE /* Products */;
			projectDirPath = "";
			projectRoot = "";
			targets = (
				B1E78E8628390C18001018FE /* WeatherForecast */,
				B1E78E9C28390C1B001018FE /* WeatherForecastTests */,
				B1E78EA728390C1B001018FE /* WeatherForecastUITests */,
			);
		};
/* End PBXProject section */

/* Begin PBXResourcesBuildPhase section */
		B1E78E8528390C18001018FE /* Resources */ = {
			isa = PBXResourcesBuildPhase;
			buildActionMask = 2147483647;
			files = (
				B1E78E9728390C1B001018FE /* LaunchScreen.storyboard in Resources */,
				B1E78E9428390C1B001018FE /* Assets.xcassets in Resources */,
				B1E78E9228390C18001018FE /* ListViewController.storyboard in Resources */,
			);
			runOnlyForDeploymentPostprocessing = 0;
		};
		B1E78E9B28390C1B001018FE /* Resources */ = {
			isa = PBXResourcesBuildPhase;
			buildActionMask = 2147483647;
			files = (
			);
			runOnlyForDeploymentPostprocessing = 0;
		};
		B1E78EA628390C1B001018FE /* Resources */ = {
			isa = PBXResourcesBuildPhase;
			buildActionMask = 2147483647;
			files = (
			);
			runOnlyForDeploymentPostprocessing = 0;
		};
/* End PBXResourcesBuildPhase section */

/* Begin PBXSourcesBuildPhase section */
		B1E78E8328390C18001018FE /* Sources */ = {
			isa = PBXSourcesBuildPhase;
			buildActionMask = 2147483647;
			files = (
				B1C9BCBD283E791B00232047 /* CoreDataStorage.swift in Sources */,
				B1C9BD30283F5D1B00232047 /* WeatherForecastData.swift in Sources */,
				B16FD964283D37EB009C4BE2 /* DailyResponseDTO+Mapping.swift in Sources */,
				B1C9BC80283E719500232047 /* Observable.swift in Sources */,
				B16FD997283DCACB009C4BE2 /* Endpoint.swift in Sources */,
				B1C9BC7A283E715D00232047 /* ListViewModel.swift in Sources */,
				B1E78E8F28390C18001018FE /* ListViewController.swift in Sources */,
				B1C9BC88283E71E400232047 /* ListItemViewModel.swift in Sources */,
				B1C9BCF4283E93AA00232047 /* API.swift in Sources */,
				B1C9BD35283F5D3000232047 /* WeatherForecastItem.swift in Sources */,
				B1C9BCFC283E94A300232047 /* DailyRequestDTO+Mapping.swift in Sources */,
				B16FD992283DCA88009C4BE2 /* NetworkService.swift in Sources */,
				B1C9BD58283F8F6B00232047 /* DTO+Mapping.swift in Sources */,
				B1E78E8B28390C18001018FE /* AppDelegate.swift in Sources */,
				B16FD981283D3E92009C4BE2 /* AppFlowCoordinator.swift in Sources */,
				B1C9BCAB283E77A700232047 /* DefaultRepository.swift in Sources */,
				B1C9BD47283F8CA500232047 /* DateFormatterHelper.swift in Sources */,
				B1E78EE32839127A001018FE /* AppConfigurations.swift in Sources */,
				B16FD99C283DCBD0009C4BE2 /* Config.swift in Sources */,
				B1C9BCA2283E76D500232047 /* ResponseStorage.swift in Sources */,
				B1C9BC69283E6DA000232047 /* SearchFlowCoordinator.swift in Sources */,
				B1C9BC91283E730D00232047 /* SearchUseCase.swift in Sources */,
				B1C9BCC2283E79BE00232047 /* CoreDataResponseStorage.swift in Sources */,
				B1C9BD28283F25A600232047 /* ListItemCell.swift in Sources */,
				B1C9BD60283F903C00232047 /* Entity+Mapping.swift in Sources */,
				B16FD987283DC911009C4BE2 /* AppDIContainer.swift in Sources */,
				B1C9BD3C283F5EEF00232047 /* WeatherForecast.xcdatamodeld in Sources */,
				B1C9BC64283E6C6C00232047 /* WeatherForecaseDIContainer.swift in Sources */,
				B1C9BC97283E73FD00232047 /* Repository.swift in Sources */,
				B1C9BD1D283EAC8B00232047 /* ResponseError.swift in Sources */,
			);
			runOnlyForDeploymentPostprocessing = 0;
		};
		B1E78E9928390C1B001018FE /* Sources */ = {
			isa = PBXSourcesBuildPhase;
			buildActionMask = 2147483647;
			files = (
				B1C9BDA8283F92C000232047 /* NetworkService.swift in Sources */,
				B1C9BDC8283FBFCD00232047 /* NetworkServiceMock.swift in Sources */,
				B1C9BD7F283F929D00232047 /* SearchFlowCoordinator.swift in Sources */,
				B1C9BDDA283FC7A600232047 /* RepositoryMock.swift in Sources */,
				B1C9BD8C283F92A700232047 /* WeatherForecastData.swift in Sources */,
				B1E78EA228390C1B001018FE /* WeatherForecastTests.swift in Sources */,
				B1C9BD7A283F929600232047 /* ListItemViewModel.swift in Sources */,
				B1C9BD99283F92B500232047 /* ResponseStorage.swift in Sources */,
				B1C9BDBE283F98DF00232047 /* DTO+Mapping.swift in Sources */,
				B1C9BDAD283F92C400232047 /* DateFormatterHelper.swift in Sources */,
				B1C9BDA1283F92BC00232047 /* DailyResponseDTO+Mapping.swift in Sources */,
				B1C9BD95283F92B100232047 /* CoreDataResponseStorage.swift in Sources */,
				B1C9BDA7283F92C000232047 /* Endpoint.swift in Sources */,
				B1C9BDC3283F98E100232047 /* WeatherForecast.xcdatamodeld in Sources */,
				B1C9BDA6283F92C000232047 /* ResponseError.swift in Sources */,
				B1C9BDAE283F92C400232047 /* Observable.swift in Sources */,
				B1C9BD7B283F929600232047 /* ListViewModel.swift in Sources */,
				B1C9BD6D283F91E700232047 /* SearchUseCaseTests.swift in Sources */,
				B1C9BD90283F92AB00232047 /* DefaultRepository.swift in Sources */,
				B1C9BDB7283F97A000232047 /* NetworkServiceTests.swift in Sources */,
				B1C9BDA2283F92BC00232047 /* DailyRequestDTO+Mapping.swift in Sources */,
				B1C9BDBF283F98DF00232047 /* Entity+Mapping.swift in Sources */,
				B1C9BD87283F92A300232047 /* SearchUseCase.swift in Sources */,
				B1C9BD75283F929000232047 /* ListViewController.swift in Sources */,
				B1C9BD74283F929000232047 /* ListItemCell.swift in Sources */,
				B1C9BDA9283F92C000232047 /* Config.swift in Sources */,
				B1C9BD8B283F92A700232047 /* WeatherForecastItem.swift in Sources */,
				B1C9BD94283F92B100232047 /* CoreDataStorage.swift in Sources */,
				B1C9BD9D283F92B900232047 /* API.swift in Sources */,
				B1C9BD83283F92A100232047 /* Repository.swift in Sources */,
			);
			runOnlyForDeploymentPostprocessing = 0;
		};
		B1E78EA428390C1B001018FE /* Sources */ = {
			isa = PBXSourcesBuildPhase;
			buildActionMask = 2147483647;
			files = (
				B1E78EAD28390C1B001018FE /* WeatherForecastUITests.swift in Sources */,
			);
			runOnlyForDeploymentPostprocessing = 0;
		};
/* End PBXSourcesBuildPhase section */

/* Begin PBXTargetDependency section */
		B1E78E9F28390C1B001018FE /* PBXTargetDependency */ = {
			isa = PBXTargetDependency;
			target = B1E78E8628390C18001018FE /* WeatherForecast */;
			targetProxy = B1E78E9E28390C1B001018FE /* PBXContainerItemProxy */;
		};
		B1E78EAA28390C1B001018FE /* PBXTargetDependency */ = {
			isa = PBXTargetDependency;
			target = B1E78E8628390C18001018FE /* WeatherForecast */;
			targetProxy = B1E78EA928390C1B001018FE /* PBXContainerItemProxy */;
		};
/* End PBXTargetDependency section */

/* Begin PBXVariantGroup section */
		B1E78E9028390C18001018FE /* ListViewController.storyboard */ = {
			isa = PBXVariantGroup;
			children = (
				B1E78E9128390C18001018FE /* Base */,
			);
			name = ListViewController.storyboard;
			sourceTree = "<group>";
		};
		B1E78E9528390C1B001018FE /* LaunchScreen.storyboard */ = {
			isa = PBXVariantGroup;
			children = (
				B1E78E9628390C1B001018FE /* Base */,
			);
			name = LaunchScreen.storyboard;
			sourceTree = "<group>";
		};
/* End PBXVariantGroup section */

/* Begin XCBuildConfiguration section */
		B1E78EAF28390C1B001018FE /* Debug */ = {
			isa = XCBuildConfiguration;
			buildSettings = {
				ALWAYS_SEARCH_USER_PATHS = NO;
				CLANG_ANALYZER_NONNULL = YES;
				CLANG_ANALYZER_NUMBER_OBJECT_CONVERSION = YES_AGGRESSIVE;
				CLANG_CXX_LANGUAGE_STANDARD = "gnu++14";
				CLANG_CXX_LIBRARY = "libc++";
				CLANG_ENABLE_MODULES = YES;
				CLANG_ENABLE_OBJC_ARC = YES;
				CLANG_ENABLE_OBJC_WEAK = YES;
				CLANG_WARN_BLOCK_CAPTURE_AUTORELEASING = YES;
				CLANG_WARN_BOOL_CONVERSION = YES;
				CLANG_WARN_COMMA = YES;
				CLANG_WARN_CONSTANT_CONVERSION = YES;
				CLANG_WARN_DEPRECATED_OBJC_IMPLEMENTATIONS = YES;
				CLANG_WARN_DIRECT_OBJC_ISA_USAGE = YES_ERROR;
				CLANG_WARN_DOCUMENTATION_COMMENTS = YES;
				CLANG_WARN_EMPTY_BODY = YES;
				CLANG_WARN_ENUM_CONVERSION = YES;
				CLANG_WARN_INFINITE_RECURSION = YES;
				CLANG_WARN_INT_CONVERSION = YES;
				CLANG_WARN_NON_LITERAL_NULL_CONVERSION = YES;
				CLANG_WARN_OBJC_IMPLICIT_RETAIN_SELF = YES;
				CLANG_WARN_OBJC_LITERAL_CONVERSION = YES;
				CLANG_WARN_OBJC_ROOT_CLASS = YES_ERROR;
				CLANG_WARN_QUOTED_INCLUDE_IN_FRAMEWORK_HEADER = YES;
				CLANG_WARN_RANGE_LOOP_ANALYSIS = YES;
				CLANG_WARN_STRICT_PROTOTYPES = YES;
				CLANG_WARN_SUSPICIOUS_MOVE = YES;
				CLANG_WARN_UNGUARDED_AVAILABILITY = YES_AGGRESSIVE;
				CLANG_WARN_UNREACHABLE_CODE = YES;
				CLANG_WARN__DUPLICATE_METHOD_MATCH = YES;
				COPY_PHASE_STRIP = NO;
				DEBUG_INFORMATION_FORMAT = dwarf;
				ENABLE_STRICT_OBJC_MSGSEND = YES;
				ENABLE_TESTABILITY = YES;
				GCC_C_LANGUAGE_STANDARD = gnu11;
				GCC_DYNAMIC_NO_PIC = NO;
				GCC_NO_COMMON_BLOCKS = YES;
				GCC_OPTIMIZATION_LEVEL = 0;
				GCC_PREPROCESSOR_DEFINITIONS = (
					"DEBUG=1",
					"$(inherited)",
				);
				GCC_WARN_64_TO_32_BIT_CONVERSION = YES;
				GCC_WARN_ABOUT_RETURN_TYPE = YES_ERROR;
				GCC_WARN_UNDECLARED_SELECTOR = YES;
				GCC_WARN_UNINITIALIZED_AUTOS = YES_AGGRESSIVE;
				GCC_WARN_UNUSED_FUNCTION = YES;
				GCC_WARN_UNUSED_VARIABLE = YES;
				IPHONEOS_DEPLOYMENT_TARGET = 14.2;
				MTL_ENABLE_DEBUG_INFO = INCLUDE_SOURCE;
				MTL_FAST_MATH = YES;
				ONLY_ACTIVE_ARCH = YES;
				SDKROOT = iphoneos;
				SWIFT_ACTIVE_COMPILATION_CONDITIONS = DEBUG;
				SWIFT_OPTIMIZATION_LEVEL = "-Onone";
			};
			name = Debug;
		};
		B1E78EB028390C1B001018FE /* Release */ = {
			isa = XCBuildConfiguration;
			buildSettings = {
				ALWAYS_SEARCH_USER_PATHS = NO;
				CLANG_ANALYZER_NONNULL = YES;
				CLANG_ANALYZER_NUMBER_OBJECT_CONVERSION = YES_AGGRESSIVE;
				CLANG_CXX_LANGUAGE_STANDARD = "gnu++14";
				CLANG_CXX_LIBRARY = "libc++";
				CLANG_ENABLE_MODULES = YES;
				CLANG_ENABLE_OBJC_ARC = YES;
				CLANG_ENABLE_OBJC_WEAK = YES;
				CLANG_WARN_BLOCK_CAPTURE_AUTORELEASING = YES;
				CLANG_WARN_BOOL_CONVERSION = YES;
				CLANG_WARN_COMMA = YES;
				CLANG_WARN_CONSTANT_CONVERSION = YES;
				CLANG_WARN_DEPRECATED_OBJC_IMPLEMENTATIONS = YES;
				CLANG_WARN_DIRECT_OBJC_ISA_USAGE = YES_ERROR;
				CLANG_WARN_DOCUMENTATION_COMMENTS = YES;
				CLANG_WARN_EMPTY_BODY = YES;
				CLANG_WARN_ENUM_CONVERSION = YES;
				CLANG_WARN_INFINITE_RECURSION = YES;
				CLANG_WARN_INT_CONVERSION = YES;
				CLANG_WARN_NON_LITERAL_NULL_CONVERSION = YES;
				CLANG_WARN_OBJC_IMPLICIT_RETAIN_SELF = YES;
				CLANG_WARN_OBJC_LITERAL_CONVERSION = YES;
				CLANG_WARN_OBJC_ROOT_CLASS = YES_ERROR;
				CLANG_WARN_QUOTED_INCLUDE_IN_FRAMEWORK_HEADER = YES;
				CLANG_WARN_RANGE_LOOP_ANALYSIS = YES;
				CLANG_WARN_STRICT_PROTOTYPES = YES;
				CLANG_WARN_SUSPICIOUS_MOVE = YES;
				CLANG_WARN_UNGUARDED_AVAILABILITY = YES_AGGRESSIVE;
				CLANG_WARN_UNREACHABLE_CODE = YES;
				CLANG_WARN__DUPLICATE_METHOD_MATCH = YES;
				COPY_PHASE_STRIP = NO;
				DEBUG_INFORMATION_FORMAT = "dwarf-with-dsym";
				ENABLE_NS_ASSERTIONS = NO;
				ENABLE_STRICT_OBJC_MSGSEND = YES;
				GCC_C_LANGUAGE_STANDARD = gnu11;
				GCC_NO_COMMON_BLOCKS = YES;
				GCC_WARN_64_TO_32_BIT_CONVERSION = YES;
				GCC_WARN_ABOUT_RETURN_TYPE = YES_ERROR;
				GCC_WARN_UNDECLARED_SELECTOR = YES;
				GCC_WARN_UNINITIALIZED_AUTOS = YES_AGGRESSIVE;
				GCC_WARN_UNUSED_FUNCTION = YES;
				GCC_WARN_UNUSED_VARIABLE = YES;
				IPHONEOS_DEPLOYMENT_TARGET = 14.2;
				MTL_ENABLE_DEBUG_INFO = NO;
				MTL_FAST_MATH = YES;
				SDKROOT = iphoneos;
				SWIFT_COMPILATION_MODE = wholemodule;
				SWIFT_OPTIMIZATION_LEVEL = "-O";
				VALIDATE_PRODUCT = YES;
			};
			name = Release;
		};
		B1E78EB228390C1B001018FE /* Debug */ = {
			isa = XCBuildConfiguration;
			buildSettings = {
				API_BASE_URL = "https://api.openweathermap.org/data/2.5";
				APP_ID = 60c6fbeb4b93ac653c492ba806fc346d;
				ASSETCATALOG_COMPILER_APPICON_NAME = AppIcon;
				ASSETCATALOG_COMPILER_GLOBAL_ACCENT_COLOR_NAME = AccentColor;
				CODE_SIGN_STYLE = Automatic;
				DEVELOPMENT_TEAM = SP6AR62AWA;
				INFOPLIST_FILE = WeatherForecast/Resources/Info.plist;
				LD_RUNPATH_SEARCH_PATHS = (
					"$(inherited)",
					"@executable_path/Frameworks",
				);
				PRODUCT_BUNDLE_IDENTIFIER = nhatnt.WeatherForecast;
				PRODUCT_NAME = "$(TARGET_NAME)";
				SWIFT_VERSION = 5.0;
				TARGETED_DEVICE_FAMILY = "1,2";
			};
			name = Debug;
		};
		B1E78EB328390C1B001018FE /* Release */ = {
			isa = XCBuildConfiguration;
			buildSettings = {
				API_BASE_URL = "https://api.openweathermap.org/data/2.5";
				APP_ID = 60c6fbeb4b93ac653c492ba806fc346d;
				ASSETCATALOG_COMPILER_APPICON_NAME = AppIcon;
				ASSETCATALOG_COMPILER_GLOBAL_ACCENT_COLOR_NAME = AccentColor;
				CODE_SIGN_STYLE = Automatic;
				DEVELOPMENT_TEAM = SP6AR62AWA;
				INFOPLIST_FILE = WeatherForecast/Resources/Info.plist;
				LD_RUNPATH_SEARCH_PATHS = (
					"$(inherited)",
					"@executable_path/Frameworks",
				);
				PRODUCT_BUNDLE_IDENTIFIER = nhatnt.WeatherForecast;
				PRODUCT_NAME = "$(TARGET_NAME)";
				SWIFT_VERSION = 5.0;
				TARGETED_DEVICE_FAMILY = "1,2";
			};
			name = Release;
		};
		B1E78EB528390C1B001018FE /* Debug */ = {
			isa = XCBuildConfiguration;
			buildSettings = {
				ALWAYS_EMBED_SWIFT_STANDARD_LIBRARIES = YES;
				BUNDLE_LOADER = "$(TEST_HOST)";
				CODE_SIGN_STYLE = Automatic;
				DEVELOPMENT_TEAM = SP6AR62AWA;
				INFOPLIST_FILE = WeatherForecast/Resources/Info.plist;
				IPHONEOS_DEPLOYMENT_TARGET = 14.2;
				LD_RUNPATH_SEARCH_PATHS = (
					"$(inherited)",
					"@executable_path/Frameworks",
					"@loader_path/Frameworks",
				);
				PRODUCT_BUNDLE_IDENTIFIER = nhatnt.WeatherForecastTests;
				PRODUCT_NAME = "$(TARGET_NAME)";
				SWIFT_VERSION = 5.0;
				TARGETED_DEVICE_FAMILY = "1,2";
				TEST_HOST = "$(BUILT_PRODUCTS_DIR)/WeatherForecast.app/WeatherForecast";
			};
			name = Debug;
		};
		B1E78EB628390C1B001018FE /* Release */ = {
			isa = XCBuildConfiguration;
			buildSettings = {
				ALWAYS_EMBED_SWIFT_STANDARD_LIBRARIES = YES;
				BUNDLE_LOADER = "$(TEST_HOST)";
				CODE_SIGN_STYLE = Automatic;
				DEVELOPMENT_TEAM = SP6AR62AWA;
				INFOPLIST_FILE = WeatherForecast/Resources/Info.plist;
				IPHONEOS_DEPLOYMENT_TARGET = 14.2;
				LD_RUNPATH_SEARCH_PATHS = (
					"$(inherited)",
					"@executable_path/Frameworks",
					"@loader_path/Frameworks",
				);
				PRODUCT_BUNDLE_IDENTIFIER = nhatnt.WeatherForecastTests;
				PRODUCT_NAME = "$(TARGET_NAME)";
				SWIFT_VERSION = 5.0;
				TARGETED_DEVICE_FAMILY = "1,2";
				TEST_HOST = "$(BUILT_PRODUCTS_DIR)/WeatherForecast.app/WeatherForecast";
			};
			name = Release;
		};
		B1E78EB828390C1B001018FE /* Debug */ = {
			isa = XCBuildConfiguration;
			buildSettings = {
				ALWAYS_EMBED_SWIFT_STANDARD_LIBRARIES = YES;
				CODE_SIGN_STYLE = Automatic;
				DEVELOPMENT_TEAM = SP6AR62AWA;
				INFOPLIST_FILE = WeatherForecast/Resources/Info.plist;
				LD_RUNPATH_SEARCH_PATHS = (
					"$(inherited)",
					"@executable_path/Frameworks",
					"@loader_path/Frameworks",
				);
				PRODUCT_BUNDLE_IDENTIFIER = nhatnt.WeatherForecastUITests;
				PRODUCT_NAME = "$(TARGET_NAME)";
				SWIFT_VERSION = 5.0;
				TARGETED_DEVICE_FAMILY = "1,2";
				TEST_TARGET_NAME = WeatherForecast;
			};
			name = Debug;
		};
		B1E78EB928390C1B001018FE /* Release */ = {
			isa = XCBuildConfiguration;
			buildSettings = {
				ALWAYS_EMBED_SWIFT_STANDARD_LIBRARIES = YES;
				CODE_SIGN_STYLE = Automatic;
				DEVELOPMENT_TEAM = SP6AR62AWA;
				INFOPLIST_FILE = WeatherForecast/Resources/Info.plist;
				LD_RUNPATH_SEARCH_PATHS = (
					"$(inherited)",
					"@executable_path/Frameworks",
					"@loader_path/Frameworks",
				);
				PRODUCT_BUNDLE_IDENTIFIER = nhatnt.WeatherForecastUITests;
				PRODUCT_NAME = "$(TARGET_NAME)";
				SWIFT_VERSION = 5.0;
				TARGETED_DEVICE_FAMILY = "1,2";
				TEST_TARGET_NAME = WeatherForecast;
			};
			name = Release;
		};
/* End XCBuildConfiguration section */

/* Begin XCConfigurationList section */
		B1E78E8228390C18001018FE /* Build configuration list for PBXProject "WeatherForecast" */ = {
			isa = XCConfigurationList;
			buildConfigurations = (
				B1E78EAF28390C1B001018FE /* Debug */,
				B1E78EB028390C1B001018FE /* Release */,
			);
			defaultConfigurationIsVisible = 0;
			defaultConfigurationName = Release;
		};
		B1E78EB128390C1B001018FE /* Build configuration list for PBXNativeTarget "WeatherForecast" */ = {
			isa = XCConfigurationList;
			buildConfigurations = (
				B1E78EB228390C1B001018FE /* Debug */,
				B1E78EB328390C1B001018FE /* Release */,
			);
			defaultConfigurationIsVisible = 0;
			defaultConfigurationName = Release;
		};
		B1E78EB428390C1B001018FE /* Build configuration list for PBXNativeTarget "WeatherForecastTests" */ = {
			isa = XCConfigurationList;
			buildConfigurations = (
				B1E78EB528390C1B001018FE /* Debug */,
				B1E78EB628390C1B001018FE /* Release */,
			);
			defaultConfigurationIsVisible = 0;
			defaultConfigurationName = Release;
		};
		B1E78EB728390C1B001018FE /* Build configuration list for PBXNativeTarget "WeatherForecastUITests" */ = {
			isa = XCConfigurationList;
			buildConfigurations = (
				B1E78EB828390C1B001018FE /* Debug */,
				B1E78EB928390C1B001018FE /* Release */,
			);
			defaultConfigurationIsVisible = 0;
			defaultConfigurationName = Release;
		};
/* End XCConfigurationList section */

/* Begin XCVersionGroup section */
		B1C9BD3A283F5EEF00232047 /* WeatherForecast.xcdatamodeld */ = {
			isa = XCVersionGroup;
			children = (
				B1C9BD3B283F5EEF00232047 /* WeatherForecast.xcdatamodel */,
			);
			currentVersion = B1C9BD3B283F5EEF00232047 /* WeatherForecast.xcdatamodel */;
			path = WeatherForecast.xcdatamodeld;
			sourceTree = "<group>";
			versionGroupType = wrapper.xcdatamodel;
		};
/* End XCVersionGroup section */
	};
	rootObject = B1E78E7F28390C18001018FE /* Project object */;
}
